PODS:
  - CoreBootcamp (0.1.0)
  - CoreEntities (0.1.0)
  - Home (0.1.0):
    - CoreBootcamp
    - CoreEntities

DEPENDENCIES:
  - CoreBootcamp (from `../CoreBootcamp`)
  - CoreEntities (from `../CoreEntities`)
  - Home (from `../Home`)

EXTERNAL SOURCES:
  CoreBootcamp:
    :path: "../CoreBootcamp"
  CoreEntities:
    :path: "../CoreEntities"
  Home:
    :path: "../Home"

SPEC CHECKSUMS:
  CoreBootcamp: 0f217d92d4dc11061cef73af14b5bd6b208051ff
  CoreEntities: fc7b17419d9f846e2816eec35f8661737381ab21
  Home: 43840d08443591a392e0fe2424829e976fd618fa

PODFILE CHECKSUM: e5bd4ce31d9c17e8316edbc21087257c071551b0

COCOAPODS: 1.14.2
