// !$*UTF8*$!
{
	archiveVersion = 1;
	classes = {
	};
	objectVersion = 56;
	objects = {

/* Begin PBXBuildFile section */
		05AAA52F2B31171200EEC4B2 /* Starjedi.ttf in Resources */ = {isa = PBXBuildFile; fileRef = 05AAA52D2B31171200EEC4B2 /* Starjedi.ttf */; };
		05AAA5302B31171200EEC4B2 /* Starjhol.ttf in Resources */ = {isa = PBXBuildFile; fileRef = 05AAA52E2B31171200EEC4B2 /* Starjhol.ttf */; };
		05C73B612B048C1C00709351 /* AppDelegate.swift in Sources */ = {isa = PBXBuildFile; fileRef = 05C73B602B048C1C00709351 /* AppDelegate.swift */; };
		05C73B632B048C1C00709351 /* SceneDelegate.swift in Sources */ = {isa = PBXBuildFile; fileRef = 05C73B622B048C1C00709351 /* SceneDelegate.swift */; };
		05C73B652B048C1C00709351 /* ViewController.swift in Sources */ = {isa = PBXBuildFile; fileRef = 05C73B642B048C1C00709351 /* ViewController.swift */; };
		05C73B682B048C1C00709351 /* Main.storyboard in Resources */ = {isa = PBXBuildFile; fileRef = 05C73B662B048C1C00709351 /* Main.storyboard */; };
		05C73B6A2B048C1D00709351 /* Assets.xcassets in Resources */ = {isa = PBXBuildFile; fileRef = 05C73B692B048C1D00709351 /* Assets.xcassets */; };
		05C73B6D2B048C1D00709351 /* LaunchScreen.storyboard in Resources */ = {isa = PBXBuildFile; fileRef = 05C73B6B2B048C1D00709351 /* LaunchScreen.storyboard */; };
		3C1D741060BD775C8FBA2667 /* Pods_AnimeAG.framework in Frameworks */ = {isa = PBXBuildFile; fileRef = D18AAD96E7C3B1786C26DB6E /* Pods_AnimeAG.framework */; };
/* End PBXBuildFile section */

/* Begin PBXFileReference section */
		05AAA52D2B31171200EEC4B2 /* Starjedi.ttf */ = {isa = PBXFileReference; lastKnownFileType = file; path = Starjedi.ttf; sourceTree = "<group>"; };
		05AAA52E2B31171200EEC4B2 /* Starjhol.ttf */ = {isa = PBXFileReference; lastKnownFileType = file; path = Starjhol.ttf; sourceTree = "<group>"; };
		05C73B5D2B048C1C00709351 /* AnimeAG.app */ = {isa = PBXFileReference; explicitFileType = wrapper.application; includeInIndex = 0; path = AnimeAG.app; sourceTree = BUILT_PRODUCTS_DIR; };
		05C73B602B048C1C00709351 /* AppDelegate.swift */ = {isa = PBXFileReference; lastKnownFileType = sourcecode.swift; path = AppDelegate.swift; sourceTree = "<group>"; };
		05C73B622B048C1C00709351 /* SceneDelegate.swift */ = {isa = PBXFileReference; lastKnownFileType = sourcecode.swift; path = SceneDelegate.swift; sourceTree = "<group>"; };
		05C73B642B048C1C00709351 /* ViewController.swift */ = {isa = PBXFileReference; lastKnownFileType = sourcecode.swift; path = ViewController.swift; sourceTree = "<group>"; };
		05C73B672B048C1C00709351 /* Base */ = {isa = PBXFileReference; lastKnownFileType = file.storyboard; name = Base; path = Base.lproj/Main.storyboard; sourceTree = "<group>"; };
		05C73B692B048C1D00709351 /* Assets.xcassets */ = {isa = PBXFileReference; lastKnownFileType = folder.assetcatalog; path = Assets.xcassets; sourceTree = "<group>"; };
		05C73B6C2B048C1D00709351 /* Base */ = {isa = PBXFileReference; lastKnownFileType = file.storyboard; name = Base; path = Base.lproj/LaunchScreen.storyboard; sourceTree = "<group>"; };
		05C73B6E2B048C1D00709351 /* Info.plist */ = {isa = PBXFileReference; lastKnownFileType = text.plist.xml; path = Info.plist; sourceTree = "<group>"; };
		903553BD96123358F0FCC483 /* Pods-AnimeAG.release.xcconfig */ = {isa = PBXFileReference; includeInIndex = 1; lastKnownFileType = text.xcconfig; name = "Pods-AnimeAG.release.xcconfig"; path = "Target Support Files/Pods-AnimeAG/Pods-AnimeAG.release.xcconfig"; sourceTree = "<group>"; };
		A8654F9B0AC5A626DE9D1A06 /* Pods-AnimeAG.debug.xcconfig */ = {isa = PBXFileReference; includeInIndex = 1; lastKnownFileType = text.xcconfig; name = "Pods-AnimeAG.debug.xcconfig"; path = "Target Support Files/Pods-AnimeAG/Pods-AnimeAG.debug.xcconfig"; sourceTree = "<group>"; };
		D18AAD96E7C3B1786C26DB6E /* Pods_AnimeAG.framework */ = {isa = PBXFileReference; explicitFileType = wrapper.framework; includeInIndex = 0; path = Pods_AnimeAG.framework; sourceTree = BUILT_PRODUCTS_DIR; };
/* End PBXFileReference section */

/* Begin PBXFrameworksBuildPhase section */
		05C73B5A2B048C1C00709351 /* Frameworks */ = {
			isa = PBXFrameworksBuildPhase;
			buildActionMask = 2147483647;
			files = (
				3C1D741060BD775C8FBA2667 /* Pods_AnimeAG.framework in Frameworks */,
			);
			runOnlyForDeploymentPostprocessing = 0;
		};
/* End PBXFrameworksBuildPhase section */

/* Begin PBXGroup section */
		05AAA52B2B31167400EEC4B2 /* Resources */ = {
			isa = PBXGroup;
			children = (
				05AAA52C2B31167D00EEC4B2 /* Fonts */,
			);
			path = Resources;
			sourceTree = "<group>";
		};
		05AAA52C2B31167D00EEC4B2 /* Fonts */ = {
			isa = PBXGroup;
			children = (
				05AAA52D2B31171200EEC4B2 /* Starjedi.ttf */,
				05AAA52E2B31171200EEC4B2 /* Starjhol.ttf */,
			);
			path = Fonts;
			sourceTree = "<group>";
		};
		05C73B542B048C1C00709351 = {
			isa = PBXGroup;
			children = (
				05C73B5F2B048C1C00709351 /* AnimeAG */,
				05C73B5E2B048C1C00709351 /* Products */,
				2116F8B3260C881D63696E73 /* Pods */,
				2CEE1EFF92DB370A29965DDC /* Frameworks */,
			);
			sourceTree = "<group>";
		};
		05C73B5E2B048C1C00709351 /* Products */ = {
			isa = PBXGroup;
			children = (
				05C73B5D2B048C1C00709351 /* AnimeAG.app */,
			);
			name = Products;
			sourceTree = "<group>";
		};
		05C73B5F2B048C1C00709351 /* AnimeAG */ = {
			isa = PBXGroup;
			children = (
				05AAA52B2B31167400EEC4B2 /* Resources */,
				05C73B602B048C1C00709351 /* AppDelegate.swift */,
				05C73B622B048C1C00709351 /* SceneDelegate.swift */,
				05C73B642B048C1C00709351 /* ViewController.swift */,
				05C73B662B048C1C00709351 /* Main.storyboard */,
				05C73B692B048C1D00709351 /* Assets.xcassets */,
				05C73B6B2B048C1D00709351 /* LaunchScreen.storyboard */,
				05C73B6E2B048C1D00709351 /* Info.plist */,
			);
			path = AnimeAG;
			sourceTree = "<group>";
		};
		2116F8B3260C881D63696E73 /* Pods */ = {
			isa = PBXGroup;
			children = (
				A8654F9B0AC5A626DE9D1A06 /* Pods-AnimeAG.debug.xcconfig */,
				903553BD96123358F0FCC483 /* Pods-AnimeAG.release.xcconfig */,
			);
			path = Pods;
			sourceTree = "<group>";
		};
		2CEE1EFF92DB370A29965DDC /* Frameworks */ = {
			isa = PBXGroup;
			children = (
				D18AAD96E7C3B1786C26DB6E /* Pods_AnimeAG.framework */,
			);
			name = Frameworks;
			sourceTree = "<group>";
		};
/* End PBXGroup section */

/* Begin PBXNativeTarget section */
		05C73B5C2B048C1C00709351 /* AnimeAG */ = {
			isa = PBXNativeTarget;
			buildConfigurationList = 05C73B712B048C1D00709351 /* Build configuration list for PBXNativeTarget "AnimeAG" */;
			buildPhases = (
				E824F6D2B8510D8E952A9005 /* [CP] Check Pods Manifest.lock */,
				05C73B592B048C1C00709351 /* Sources */,
				05C73B5A2B048C1C00709351 /* Frameworks */,
				05C73B5B2B048C1C00709351 /* Resources */,
				89F9DB50D38ED32F41423F88 /* [CP] Embed Pods Frameworks */,
			);
			buildRules = (
			);
			dependencies = (
			);
			name = AnimeAG;
			productName = AnimeAG;
			productReference = 05C73B5D2B048C1C00709351 /* AnimeAG.app */;
			productType = "com.apple.product-type.application";
		};
/* End PBXNativeTarget section */

/* Begin PBXProject section */
		05C73B552B048C1C00709351 /* Project object */ = {
			isa = PBXProject;
			attributes = {
				BuildIndependentTargetsInParallel = 1;
				LastSwiftUpdateCheck = 1420;
				LastUpgradeCheck = 1420;
				TargetAttributes = {
					05C73B5C2B048C1C00709351 = {
						CreatedOnToolsVersion = 14.2;
					};
				};
			};
			buildConfigurationList = 05C73B582B048C1C00709351 /* Build configuration list for PBXProject "AnimeAG" */;
			compatibilityVersion = "Xcode 14.0";
			developmentRegion = en;
			hasScannedForEncodings = 0;
			knownRegions = (
				en,
				Base,
			);
			mainGroup = 05C73B542B048C1C00709351;
			productRefGroup = 05C73B5E2B048C1C00709351 /* Products */;
			projectDirPath = "";
			projectRoot = "";
			targets = (
				05C73B5C2B048C1C00709351 /* AnimeAG */,
			);
		};
/* End PBXProject section */

/* Begin PBXResourcesBuildPhase section */
		05C73B5B2B048C1C00709351 /* Resources */ = {
			isa = PBXResourcesBuildPhase;
			buildActionMask = 2147483647;
			files = (
				05C73B6D2B048C1D00709351 /* LaunchScreen.storyboard in Resources */,
				05C73B6A2B048C1D00709351 /* Assets.xcassets in Resources */,
				05AAA52F2B31171200EEC4B2 /* Starjedi.ttf in Resources */,
				05AAA5302B31171200EEC4B2 /* Starjhol.ttf in Resources */,
				05C73B682B048C1C00709351 /* Main.storyboard in Resources */,
			);
			runOnlyForDeploymentPostprocessing = 0;
		};
/* End PBXResourcesBuildPhase section */

/* Begin PBXShellScriptBuildPhase section */
		89F9DB50D38ED32F41423F88 /* [CP] Embed Pods Frameworks */ = {
			isa = PBXShellScriptBuildPhase;
			buildActionMask = 2147483647;
			files = (
			);
			inputFileListPaths = (
				"${PODS_ROOT}/Target Support Files/Pods-AnimeAG/Pods-AnimeAG-frameworks-${CONFIGURATION}-input-files.xcfilelist",
			);
			name = "[CP] Embed Pods Frameworks";
			outputFileListPaths = (
				"${PODS_ROOT}/Target Support Files/Pods-AnimeAG/Pods-AnimeAG-frameworks-${CONFIGURATION}-output-files.xcfilelist",
			);
			runOnlyForDeploymentPostprocessing = 0;
			shellPath = /bin/sh;
			shellScript = "\"${PODS_ROOT}/Target Support Files/Pods-AnimeAG/Pods-AnimeAG-frameworks.sh\"\n";
			showEnvVarsInLog = 0;
		};
		E824F6D2B8510D8E952A9005 /* [CP] Check Pods Manifest.lock */ = {
			isa = PBXShellScriptBuildPhase;
			buildActionMask = 2147483647;
			files = (
			);
			inputFileListPaths = (
			);
			inputPaths = (
				"${PODS_PODFILE_DIR_PATH}/Podfile.lock",
				"${PODS_ROOT}/Manifest.lock",
			);
			name = "[CP] Check Pods Manifest.lock";
			outputFileListPaths = (
			);
			outputPaths = (
				"$(DERIVED_FILE_DIR)/Pods-AnimeAG-checkManifestLockResult.txt",
			);
			runOnlyForDeploymentPostprocessing = 0;
			shellPath = /bin/sh;
			shellScript = "diff \"${PODS_PODFILE_DIR_PATH}/Podfile.lock\" \"${PODS_ROOT}/Manifest.lock\" > /dev/null\nif [ $? != 0 ] ; then\n    # print error to STDERR\n    echo \"error: The sandbox is not in sync with the Podfile.lock. Run 'pod install' or update your CocoaPods installation.\" >&2\n    exit 1\nfi\n# This output is used by Xcode 'outputs' to avoid re-running this script phase.\necho \"SUCCESS\" > \"${SCRIPT_OUTPUT_FILE_0}\"\n";
			showEnvVarsInLog = 0;
		};
/* End PBXShellScriptBuildPhase section */

/* Begin PBXSourcesBuildPhase section */
		05C73B592B048C1C00709351 /* Sources */ = {
			isa = PBXSourcesBuildPhase;
			buildActionMask = 2147483647;
			files = (
				05C73B652B048C1C00709351 /* ViewController.swift in Sources */,
				05C73B612B048C1C00709351 /* AppDelegate.swift in Sources */,
				05C73B632B048C1C00709351 /* SceneDelegate.swift in Sources */,
			);
			runOnlyForDeploymentPostprocessing = 0;
		};
/* End PBXSourcesBuildPhase section */

/* Begin PBXVariantGroup section */
		05C73B662B048C1C00709351 /* Main.storyboard */ = {
			isa = PBXVariantGroup;
			children = (
				05C73B672B048C1C00709351 /* Base */,
			);
			name = Main.storyboard;
			sourceTree = "<group>";
		};
		05C73B6B2B048C1D00709351 /* LaunchScreen.storyboard */ = {
			isa = PBXVariantGroup;
			children = (
				05C73B6C2B048C1D00709351 /* Base */,
			);
			name = LaunchScreen.storyboard;
			sourceTree = "<group>";
		};
/* End PBXVariantGroup section */

/* Begin XCBuildConfiguration section */
		05C73B6F2B048C1D00709351 /* Debug */ = {
			isa = XCBuildConfiguration;
			buildSettings = {
				ALWAYS_SEARCH_USER_PATHS = NO;
				CLANG_ANALYZER_NONNULL = YES;
				CLANG_ANALYZER_NUMBER_OBJECT_CONVERSION = YES_AGGRESSIVE;
				CLANG_CXX_LANGUAGE_STANDARD = "gnu++20";
				CLANG_ENABLE_MODULES = YES;
				CLANG_ENABLE_OBJC_ARC = YES;
				CLANG_ENABLE_OBJC_WEAK = YES;
				CLANG_WARN_BLOCK_CAPTURE_AUTORELEASING = YES;
				CLANG_WARN_BOOL_CONVERSION = YES;
				CLANG_WARN_COMMA = YES;
				CLANG_WARN_CONSTANT_CONVERSION = YES;
				CLANG_WARN_DEPRECATED_OBJC_IMPLEMENTATIONS = YES;
				CLANG_WARN_DIRECT_OBJC_ISA_USAGE = YES_ERROR;
				CLANG_WARN_DOCUMENTATION_COMMENTS = YES;
				CLANG_WARN_EMPTY_BODY = YES;
				CLANG_WARN_ENUM_CONVERSION = YES;
				CLANG_WARN_INFINITE_RECURSION = YES;
				CLANG_WARN_INT_CONVERSION = YES;
				CLANG_WARN_NON_LITERAL_NULL_CONVERSION = YES;
				CLANG_WARN_OBJC_IMPLICIT_RETAIN_SELF = YES;
				CLANG_WARN_OBJC_LITERAL_CONVERSION = YES;
				CLANG_WARN_OBJC_ROOT_CLASS = YES_ERROR;
				CLANG_WARN_QUOTED_INCLUDE_IN_FRAMEWORK_HEADER = YES;
				CLANG_WARN_RANGE_LOOP_ANALYSIS = YES;
				CLANG_WARN_STRICT_PROTOTYPES = YES;
				CLANG_WARN_SUSPICIOUS_MOVE = YES;
				CLANG_WARN_UNGUARDED_AVAILABILITY = YES_AGGRESSIVE;
				CLANG_WARN_UNREACHABLE_CODE = YES;
				CLANG_WARN__DUPLICATE_METHOD_MATCH = YES;
				COPY_PHASE_STRIP = NO;
				DEBUG_INFORMATION_FORMAT = dwarf;
				ENABLE_STRICT_OBJC_MSGSEND = YES;
				ENABLE_TESTABILITY = YES;
				GCC_C_LANGUAGE_STANDARD = gnu11;
				GCC_DYNAMIC_NO_PIC = NO;
				GCC_NO_COMMON_BLOCKS = YES;
				GCC_OPTIMIZATION_LEVEL = 0;
				GCC_PREPROCESSOR_DEFINITIONS = (
					"DEBUG=1",
					"$(inherited)",
				);
				GCC_WARN_64_TO_32_BIT_CONVERSION = YES;
				GCC_WARN_ABOUT_RETURN_TYPE = YES_ERROR;
				GCC_WARN_UNDECLARED_SELECTOR = YES;
				GCC_WARN_UNINITIALIZED_AUTOS = YES_AGGRESSIVE;
				GCC_WARN_UNUSED_FUNCTION = YES;
				GCC_WARN_UNUSED_VARIABLE = YES;
				IPHONEOS_DEPLOYMENT_TARGET = 16.2;
				MTL_ENABLE_DEBUG_INFO = INCLUDE_SOURCE;
				MTL_FAST_MATH = YES;
				ONLY_ACTIVE_ARCH = YES;
				SDKROOT = iphoneos;
				SWIFT_ACTIVE_COMPILATION_CONDITIONS = DEBUG;
				SWIFT_OPTIMIZATION_LEVEL = "-Onone";
			};
			name = Debug;
		};
		05C73B702B048C1D00709351 /* Release */ = {
			isa = XCBuildConfiguration;
			buildSettings = {
				ALWAYS_SEARCH_USER_PATHS = NO;
				CLANG_ANALYZER_NONNULL = YES;
				CLANG_ANALYZER_NUMBER_OBJECT_CONVERSION = YES_AGGRESSIVE;
				CLANG_CXX_LANGUAGE_STANDARD = "gnu++20";
				CLANG_ENABLE_MODULES = YES;
				CLANG_ENABLE_OBJC_ARC = YES;
				CLANG_ENABLE_OBJC_WEAK = YES;
				CLANG_WARN_BLOCK_CAPTURE_AUTORELEASING = YES;
				CLANG_WARN_BOOL_CONVERSION = YES;
				CLANG_WARN_COMMA = YES;
				CLANG_WARN_CONSTANT_CONVERSION = YES;
				CLANG_WARN_DEPRECATED_OBJC_IMPLEMENTATIONS = YES;
				CLANG_WARN_DIRECT_OBJC_ISA_USAGE = YES_ERROR;
				CLANG_WARN_DOCUMENTATION_COMMENTS = YES;
				CLANG_WARN_EMPTY_BODY = YES;
				CLANG_WARN_ENUM_CONVERSION = YES;
				CLANG_WARN_INFINITE_RECURSION = YES;
				CLANG_WARN_INT_CONVERSION = YES;
				CLANG_WARN_NON_LITERAL_NULL_CONVERSION = YES;
				CLANG_WARN_OBJC_IMPLICIT_RETAIN_SELF = YES;
				CLANG_WARN_OBJC_LITERAL_CONVERSION = YES;
				CLANG_WARN_OBJC_ROOT_CLASS = YES_ERROR;
				CLANG_WARN_QUOTED_INCLUDE_IN_FRAMEWORK_HEADER = YES;
				CLANG_WARN_RANGE_LOOP_ANALYSIS = YES;
				CLANG_WARN_STRICT_PROTOTYPES = YES;
				CLANG_WARN_SUSPICIOUS_MOVE = YES;
				CLANG_WARN_UNGUARDED_AVAILABILITY = YES_AGGRESSIVE;
				CLANG_WARN_UNREACHABLE_CODE = YES;
				CLANG_WARN__DUPLICATE_METHOD_MATCH = YES;
				COPY_PHASE_STRIP = NO;
				DEBUG_INFORMATION_FORMAT = "dwarf-with-dsym";
				ENABLE_NS_ASSERTIONS = NO;
				ENABLE_STRICT_OBJC_MSGSEND = YES;
				GCC_C_LANGUAGE_STANDARD = gnu11;
				GCC_NO_COMMON_BLOCKS = YES;
				GCC_WARN_64_TO_32_BIT_CONVERSION = YES;
				GCC_WARN_ABOUT_RETURN_TYPE = YES_ERROR;
				GCC_WARN_UNDECLARED_SELECTOR = YES;
				GCC_WARN_UNINITIALIZED_AUTOS = YES_AGGRESSIVE;
				GCC_WARN_UNUSED_FUNCTION = YES;
				GCC_WARN_UNUSED_VARIABLE = YES;
				IPHONEOS_DEPLOYMENT_TARGET = 16.2;
				MTL_ENABLE_DEBUG_INFO = NO;
				MTL_FAST_MATH = YES;
				SDKROOT = iphoneos;
				SWIFT_COMPILATION_MODE = wholemodule;
				SWIFT_OPTIMIZATION_LEVEL = "-O";
				VALIDATE_PRODUCT = YES;
			};
			name = Release;
		};
		05C73B722B048C1D00709351 /* Debug */ = {
			isa = XCBuildConfiguration;
			baseConfigurationReference = A8654F9B0AC5A626DE9D1A06 /* Pods-AnimeAG.debug.xcconfig */;
			buildSettings = {
				ASSETCATALOG_COMPILER_APPICON_NAME = AppIcon;
				ASSETCATALOG_COMPILER_GLOBAL_ACCENT_COLOR_NAME = AccentColor;
				CODE_SIGN_STYLE = Automatic;
				CURRENT_PROJECT_VERSION = 1;
				GENERATE_INFOPLIST_FILE = YES;
				INFOPLIST_FILE = AnimeAG/Info.plist;
				INFOPLIST_KEY_UIApplicationSupportsIndirectInputEvents = YES;
				INFOPLIST_KEY_UILaunchStoryboardName = LaunchScreen;
				INFOPLIST_KEY_UIMainStoryboardFile = Main;
				INFOPLIST_KEY_UISupportedInterfaceOrientations_iPad = "UIInterfaceOrientationPortrait UIInterfaceOrientationPortraitUpsideDown UIInterfaceOrientationLandscapeLeft UIInterfaceOrientationLandscapeRight";
				INFOPLIST_KEY_UISupportedInterfaceOrientations_iPhone = "UIInterfaceOrientationPortrait UIInterfaceOrientationLandscapeLeft UIInterfaceOrientationLandscapeRight";
				LD_RUNPATH_SEARCH_PATHS = (
					"$(inherited)",
					"@executable_path/Frameworks",
				);
				MARKETING_VERSION = 1.0;
				PRODUCT_BUNDLE_IDENTIFIER = com.aarongaspar.AnimeAG;
				PRODUCT_NAME = "$(TARGET_NAME)";
				SWIFT_EMIT_LOC_STRINGS = YES;
				SWIFT_VERSION = 5.0;
				TARGETED_DEVICE_FAMILY = "1,2";
			};
			name = Debug;
		};
		05C73B732B048C1D00709351 /* Release */ = {
			isa = XCBuildConfiguration;
			baseConfigurationReference = 903553BD96123358F0FCC483 /* Pods-AnimeAG.release.xcconfig */;
			buildSettings = {
				ASSETCATALOG_COMPILER_APPICON_NAME = AppIcon;
				ASSETCATALOG_COMPILER_GLOBAL_ACCENT_COLOR_NAME = AccentColor;
				CODE_SIGN_STYLE = Automatic;
				CURRENT_PROJECT_VERSION = 1;
				GENERATE_INFOPLIST_FILE = YES;
				INFOPLIST_FILE = AnimeAG/Info.plist;
				INFOPLIST_KEY_UIApplicationSupportsIndirectInputEvents = YES;
				INFOPLIST_KEY_UILaunchStoryboardName = LaunchScreen;
				INFOPLIST_KEY_UIMainStoryboardFile = Main;
				INFOPLIST_KEY_UISupportedInterfaceOrientations_iPad = "UIInterfaceOrientationPortrait UIInterfaceOrientationPortraitUpsideDown UIInterfaceOrientationLandscapeLeft UIInterfaceOrientationLandscapeRight";
				INFOPLIST_KEY_UISupportedInterfaceOrientations_iPhone = "UIInterfaceOrientationPortrait UIInterfaceOrientationLandscapeLeft UIInterfaceOrientationLandscapeRight";
				LD_RUNPATH_SEARCH_PATHS = (
					"$(inherited)",
					"@executable_path/Frameworks",
				);
				MARKETING_VERSION = 1.0;
				PRODUCT_BUNDLE_IDENTIFIER = com.aarongaspar.AnimeAG;
				PRODUCT_NAME = "$(TARGET_NAME)";
				SWIFT_EMIT_LOC_STRINGS = YES;
				SWIFT_VERSION = 5.0;
				TARGETED_DEVICE_FAMILY = "1,2";
			};
			name = Release;
		};
/* End XCBuildConfiguration section */

/* Begin XCConfigurationList section */
		05C73B582B048C1C00709351 /* Build configuration list for PBXProject "AnimeAG" */ = {
			isa = XCConfigurationList;
			buildConfigurations = (
				05C73B6F2B048C1D00709351 /* Debug */,
				05C73B702B048C1D00709351 /* Release */,
			);
			defaultConfigurationIsVisible = 0;
			defaultConfigurationName = Release;
		};
		05C73B712B048C1D00709351 /* Build configuration list for PBXNativeTarget "AnimeAG" */ = {
			isa = XCConfigurationList;
			buildConfigurations = (
				05C73B722B048C1D00709351 /* Debug */,
				05C73B732B048C1D00709351 /* Release */,
			);
			defaultConfigurationIsVisible = 0;
			defaultConfigurationName = Release;
		};
/* End XCConfigurationList section */
	};
	rootObject = 05C73B552B048C1C00709351 /* Project object */;
}
